
Microsoft Visual Studio Solution File, Format Version 12.00
# Visual Studio Version 17
VisualStudioVersion = 17.7.34202.233
MinimumVisualStudioVersion = 10.0.40219.1
Project("{2150E333-8FDC-42A3-9474-1A3956D46DE8}") = "Services", "Services", "{3E94078B-7047-450E-8691-A2A5086FA9C1}"
EndProject
Project("{2150E333-8FDC-42A3-9474-1A3956D46DE8}") = "Catalog", "Catalog", "{A3E80EB0-BAC8-44EE-832E-1F648127F5B6}"
EndProject
Project("{9A19103F-16F7-4668-BE54-9A1E7A4F7556}") = "Catalog.API", "Catalog.API\Catalog.API.csproj", "{279220F5-1D0E-4A0D-A957-465A6D02BFEA}"
EndProject
Project("{E53339B2-1760-4266-BCC7-CA923CBCF16C}") = "docker-compose", "docker-compose.dcproj", "{89D1AD06-ED74-4851-8585-4D88C28191D6}"
EndProject
Project("{2150E333-8FDC-42A3-9474-1A3956D46DE8}") = "Basket", "Basket", "{261666EC-702D-4AA0-926C-B11B2338550E}"
EndProject
Project("{9A19103F-16F7-4668-BE54-9A1E7A4F7556}") = "Basket.API", "Basket.API\Basket.API.csproj", "{114D3F1F-F20F-4FC1-90AD-06B4E8037942}"
EndProject
Project("{2150E333-8FDC-42A3-9474-1A3956D46DE8}") = "Discount", "Discount", "{DB147D04-A3E7-4A57-BE5F-9E76A8D3C059}"
EndProject
Project("{9A19103F-16F7-4668-BE54-9A1E7A4F7556}") = "Discount.API", "Discount.API\Discount.API.csproj", "{0EF62132-8A14-47E0-A130-693FD82C4AF2}"
EndProject
Project("{9A19103F-16F7-4668-BE54-9A1E7A4F7556}") = "Discount.Grpc", "Discount.Grpc\Discount.Grpc.csproj", "{0DE48497-5BAA-4880-9026-8DF4F599A496}"
EndProject
Project("{2150E333-8FDC-42A3-9474-1A3956D46DE8}") = "Ordering", "Ordering", "{2A317035-B142-434C-80FF-98E5C8A7DB6D}"
EndProject
Project("{FAE04EC0-301F-11D3-BF4B-00C04F79EFBC}") = "Ordering.Domain", "Ordering.Domain\Ordering.Domain.csproj", "{C8F365AA-0C57-4BEA-9E55-1CDAD4117B84}"
EndProject
Project("{FAE04EC0-301F-11D3-BF4B-00C04F79EFBC}") = "Ordering.Application", "Ordering.Application\Ordering.Application.csproj", "{7098A60A-D8F4-4916-BA93-8D270BF40946}"
EndProject
Project("{FAE04EC0-301F-11D3-BF4B-00C04F79EFBC}") = "Ordering.Infrastructure", "Ordering.Infrastructure\Ordering.Infrastructure.csproj", "{264BB6B6-4D26-4723-885C-841E69F3E30D}"
EndProject
Project("{FAE04EC0-301F-11D3-BF4B-00C04F79EFBC}") = "Ordering.API", "Ordering.API\Ordering.API.csproj", "{2CD9D343-C4E2-452F-910F-304549A79111}"
EndProject
Project("{2150E333-8FDC-42A3-9474-1A3956D46DE8}") = "BuildingBlocks", "BuildingBlocks", "{8E66CDE3-4C13-4B0F-BC32-D2A4842D29AB}"
EndProject
Project("{FAE04EC0-301F-11D3-BF4B-00C04F79EFBC}") = "EventBus.Messages", "EventBus.Messages\EventBus.Messages.csproj", "{704D7938-6623-4726-8B65-3E1401C1BD36}"
EndProject
Project("{2150E333-8FDC-42A3-9474-1A3956D46DE8}") = "ApiGateways", "ApiGateways", "{61E7A9C4-9088-45B5-B080-4C65D8B954B3}"
EndProject
Project("{FAE04EC0-301F-11D3-BF4B-00C04F79EFBC}") = "OcelotApiGw", "OcelotApiGw\OcelotApiGw.csproj", "{3341AE08-4BF7-4279-8C47-D98E11BD9334}"
EndProject
Global
	GlobalSection(SolutionConfigurationPlatforms) = preSolution
		Debug|Any CPU = Debug|Any CPU
		Release|Any CPU = Release|Any CPU
	EndGlobalSection
	GlobalSection(ProjectConfigurationPlatforms) = postSolution
		{279220F5-1D0E-4A0D-A957-465A6D02BFEA}.Debug|Any CPU.ActiveCfg = Debug|Any CPU
		{279220F5-1D0E-4A0D-A957-465A6D02BFEA}.Debug|Any CPU.Build.0 = Debug|Any CPU
		{279220F5-1D0E-4A0D-A957-465A6D02BFEA}.Release|Any CPU.ActiveCfg = Release|Any CPU
		{279220F5-1D0E-4A0D-A957-465A6D02BFEA}.Release|Any CPU.Build.0 = Release|Any CPU
		{89D1AD06-ED74-4851-8585-4D88C28191D6}.Debug|Any CPU.ActiveCfg = Debug|Any CPU
		{89D1AD06-ED74-4851-8585-4D88C28191D6}.Debug|Any CPU.Build.0 = Debug|Any CPU
		{89D1AD06-ED74-4851-8585-4D88C28191D6}.Release|Any CPU.ActiveCfg = Release|Any CPU
		{89D1AD06-ED74-4851-8585-4D88C28191D6}.Release|Any CPU.Build.0 = Release|Any CPU
		{114D3F1F-F20F-4FC1-90AD-06B4E8037942}.Debug|Any CPU.ActiveCfg = Debug|Any CPU
		{114D3F1F-F20F-4FC1-90AD-06B4E8037942}.Debug|Any CPU.Build.0 = Debug|Any CPU
		{114D3F1F-F20F-4FC1-90AD-06B4E8037942}.Release|Any CPU.ActiveCfg = Release|Any CPU
		{114D3F1F-F20F-4FC1-90AD-06B4E8037942}.Release|Any CPU.Build.0 = Release|Any CPU
		{0EF62132-8A14-47E0-A130-693FD82C4AF2}.Debug|Any CPU.ActiveCfg = Debug|Any CPU
		{0EF62132-8A14-47E0-A130-693FD82C4AF2}.Debug|Any CPU.Build.0 = Debug|Any CPU
		{0EF62132-8A14-47E0-A130-693FD82C4AF2}.Release|Any CPU.ActiveCfg = Release|Any CPU
		{0EF62132-8A14-47E0-A130-693FD82C4AF2}.Release|Any CPU.Build.0 = Release|Any CPU
		{0DE48497-5BAA-4880-9026-8DF4F599A496}.Debug|Any CPU.ActiveCfg = Debug|Any CPU
		{0DE48497-5BAA-4880-9026-8DF4F599A496}.Debug|Any CPU.Build.0 = Debug|Any CPU
		{0DE48497-5BAA-4880-9026-8DF4F599A496}.Release|Any CPU.ActiveCfg = Release|Any CPU
		{0DE48497-5BAA-4880-9026-8DF4F599A496}.Release|Any CPU.Build.0 = Release|Any CPU
		{C8F365AA-0C57-4BEA-9E55-1CDAD4117B84}.Debug|Any CPU.ActiveCfg = Debug|Any CPU
		{C8F365AA-0C57-4BEA-9E55-1CDAD4117B84}.Debug|Any CPU.Build.0 = Debug|Any CPU
		{C8F365AA-0C57-4BEA-9E55-1CDAD4117B84}.Release|Any CPU.ActiveCfg = Release|Any CPU
		{C8F365AA-0C57-4BEA-9E55-1CDAD4117B84}.Release|Any CPU.Build.0 = Release|Any CPU
		{7098A60A-D8F4-4916-BA93-8D270BF40946}.Debug|Any CPU.ActiveCfg = Debug|Any CPU
		{7098A60A-D8F4-4916-BA93-8D270BF40946}.Debug|Any CPU.Build.0 = Debug|Any CPU
		{7098A60A-D8F4-4916-BA93-8D270BF40946}.Release|Any CPU.ActiveCfg = Release|Any CPU
		{7098A60A-D8F4-4916-BA93-8D270BF40946}.Release|Any CPU.Build.0 = Release|Any CPU
		{264BB6B6-4D26-4723-885C-841E69F3E30D}.Debug|Any CPU.ActiveCfg = Debug|Any CPU
		{264BB6B6-4D26-4723-885C-841E69F3E30D}.Debug|Any CPU.Build.0 = Debug|Any CPU
		{264BB6B6-4D26-4723-885C-841E69F3E30D}.Release|Any CPU.ActiveCfg = Release|Any CPU
		{264BB6B6-4D26-4723-885C-841E69F3E30D}.Release|Any CPU.Build.0 = Release|Any CPU
		{2CD9D343-C4E2-452F-910F-304549A79111}.Debug|Any CPU.ActiveCfg = Debug|Any CPU
		{2CD9D343-C4E2-452F-910F-304549A79111}.Debug|Any CPU.Build.0 = Debug|Any CPU
		{2CD9D343-C4E2-452F-910F-304549A79111}.Release|Any CPU.ActiveCfg = Release|Any CPU
		{2CD9D343-C4E2-452F-910F-304549A79111}.Release|Any CPU.Build.0 = Release|Any CPU
		{704D7938-6623-4726-8B65-3E1401C1BD36}.Debug|Any CPU.ActiveCfg = Debug|Any CPU
		{704D7938-6623-4726-8B65-3E1401C1BD36}.Debug|Any CPU.Build.0 = Debug|Any CPU
		{704D7938-6623-4726-8B65-3E1401C1BD36}.Release|Any CPU.ActiveCfg = Release|Any CPU
		{704D7938-6623-4726-8B65-3E1401C1BD36}.Release|Any CPU.Build.0 = Release|Any CPU
		{3341AE08-4BF7-4279-8C47-D98E11BD9334}.Debug|Any CPU.ActiveCfg = Debug|Any CPU
		{3341AE08-4BF7-4279-8C47-D98E11BD9334}.Debug|Any CPU.Build.0 = Debug|Any CPU
		{3341AE08-4BF7-4279-8C47-D98E11BD9334}.Release|Any CPU.ActiveCfg = Release|Any CPU
		{3341AE08-4BF7-4279-8C47-D98E11BD9334}.Release|Any CPU.Build.0 = Release|Any CPU
	EndGlobalSection
	GlobalSection(SolutionProperties) = preSolution
		HideSolutionNode = FALSE
	EndGlobalSection
	GlobalSection(NestedProjects) = preSolution
		{A3E80EB0-BAC8-44EE-832E-1F648127F5B6} = {3E94078B-7047-450E-8691-A2A5086FA9C1}
		{279220F5-1D0E-4A0D-A957-465A6D02BFEA} = {A3E80EB0-BAC8-44EE-832E-1F648127F5B6}
		{261666EC-702D-4AA0-926C-B11B2338550E} = {3E94078B-7047-450E-8691-A2A5086FA9C1}
		{114D3F1F-F20F-4FC1-90AD-06B4E8037942} = {261666EC-702D-4AA0-926C-B11B2338550E}
		{DB147D04-A3E7-4A57-BE5F-9E76A8D3C059} = {3E94078B-7047-450E-8691-A2A5086FA9C1}
		{0EF62132-8A14-47E0-A130-693FD82C4AF2} = {DB147D04-A3E7-4A57-BE5F-9E76A8D3C059}
		{0DE48497-5BAA-4880-9026-8DF4F599A496} = {DB147D04-A3E7-4A57-BE5F-9E76A8D3C059}
		{2A317035-B142-434C-80FF-98E5C8A7DB6D} = {3E94078B-7047-450E-8691-A2A5086FA9C1}
		{C8F365AA-0C57-4BEA-9E55-1CDAD4117B84} = {2A317035-B142-434C-80FF-98E5C8A7DB6D}
		{7098A60A-D8F4-4916-BA93-8D270BF40946} = {2A317035-B142-434C-80FF-98E5C8A7DB6D}
		{264BB6B6-4D26-4723-885C-841E69F3E30D} = {2A317035-B142-434C-80FF-98E5C8A7DB6D}
		{2CD9D343-C4E2-452F-910F-304549A79111} = {2A317035-B142-434C-80FF-98E5C8A7DB6D}
		{704D7938-6623-4726-8B65-3E1401C1BD36} = {8E66CDE3-4C13-4B0F-BC32-D2A4842D29AB}
		{3341AE08-4BF7-4279-8C47-D98E11BD9334} = {61E7A9C4-9088-45B5-B080-4C65D8B954B3}
	EndGlobalSection
	GlobalSection(ExtensibilityGlobals) = postSolution
		SolutionGuid = {55EDA0D8-D318-4F21-8262-B8C54E18F5FC}
	EndGlobalSection
EndGlobal
